
Microsoft Visual Studio Solution File, Format Version 12.00
# Visual Studio Version 16
VisualStudioVersion = 16.0.30330.147
MinimumVisualStudioVersion = 10.0.40219.1
Project("{8BC9CEB8-8B4A-11D0-8D11-00A0C91BC942}") = "DirectXSample", "DirectXSample\DirectXSample.vcxproj", "{834422AD-DF74-4790-8755-F5E4DE4D3855}"
EndProject
Global
	GlobalSection(SolutionConfigurationPlatforms) = preSolution
		Debug|x64 = Debug|x64
		Debug|x86 = Debug|x86
		Release|x64 = Release|x64
		Release|x86 = Release|x86
	EndGlobalSection
	GlobalSection(ProjectConfigurationPlatforms) = postSolution
		{834422AD-DF74-4790-8755-F5E4DE4D3855}.Debug|x64.ActiveCfg = Debug|x64
		{834422AD-DF74-4790-8755-F5E4DE4D3855}.Debug|x64.Build.0 = Debug|x64
		{834422AD-DF74-4790-8755-F5E4DE4D3855}.Debug|x86.ActiveCfg = Debug|Win32
		{834422AD-DF74-4790-8755-F5E4DE4D3855}.Debug|x86.Build.0 = Debug|Win32
		{834422AD-DF74-4790-8755-F5E4DE4D3855}.Release|x64.ActiveCfg = Release|x64
		{834422AD-DF74-4790-8755-F5E4DE4D3855}.Release|x64.Build.0 = Release|x64
		{834422AD-DF74-4790-8755-F5E4DE4D3855}.Release|x86.ActiveCfg = Release|Win32
		{834422AD-DF74-4790-8755-F5E4DE4D3855}.Release|x86.Build.0 = Release|Win32
	EndGlobalSection
	GlobalSection(SolutionProperties) = preSolution
		HideSolutionNode = FALSE
	EndGlobalSection
	GlobalSection(ExtensibilityGlobals) = postSolution
		SolutionGuid = {B2529B6B-D621-4424-BCEA-6C86645132AE}
	EndGlobalSection
EndGlobal
